
Microsoft Visual Studio Solution File, Format Version 12.00
# Visual Studio Version 17
VisualStudioVersion = 17.2.32519.379
MinimumVisualStudioVersion = 10.0.40219.1
Project("{FAE04EC0-301F-11D3-BF4B-00C04F79EFBC}") = "SalesWebMVC", "SalesWebMVC\SalesWebMVC.csproj", "{316B18DD-9FBF-4E96-87EB-908361481949}"
EndProject
Global
	GlobalSection(SolutionConfigurationPlatforms) = preSolution
		Debug|Any CPU = Debug|Any CPU
		Release|Any CPU = Release|Any CPU
	EndGlobalSection
	GlobalSection(ProjectConfigurationPlatforms) = postSolution
		{316B18DD-9FBF-4E96-87EB-908361481949}.Debug|Any CPU.ActiveCfg = Debug|Any CPU
		{316B18DD-9FBF-4E96-87EB-908361481949}.Debug|Any CPU.Build.0 = Debug|Any CPU
		{316B18DD-9FBF-4E96-87EB-908361481949}.Release|Any CPU.ActiveCfg = Release|Any CPU
		{316B18DD-9FBF-4E96-87EB-908361481949}.Release|Any CPU.Build.0 = Release|Any CPU
	EndGlobalSection
	GlobalSection(SolutionProperties) = preSolution
		HideSolutionNode = FALSE
	EndGlobalSection
	GlobalSection(ExtensibilityGlobals) = postSolution
		SolutionGuid = {1D60C8BF-80D6-4D6C-9871-7A304A7CDCC3}
	EndGlobalSection
EndGlobal
